
Microsoft Visual Studio Solution File, Format Version 12.00
# Visual Studio Version 16
VisualStudioVersion = 16.0.30011.22
MinimumVisualStudioVersion = 10.0.40219.1
Project("{FAE04EC0-301F-11D3-BF4B-00C04F79EFBC}") = "25_05_2020", "25_05_2020.csproj", "{1E89B18B-C5A3-4BC8-8045-17020EC42563}"
EndProject
Global
	GlobalSection(SolutionConfigurationPlatforms) = preSolution
		Debug|Any CPU = Debug|Any CPU
		Release|Any CPU = Release|Any CPU
	EndGlobalSection
	GlobalSection(ProjectConfigurationPlatforms) = postSolution
		{1E89B18B-C5A3-4BC8-8045-17020EC42563}.Debug|Any CPU.ActiveCfg = Debug|Any CPU
		{1E89B18B-C5A3-4BC8-8045-17020EC42563}.Debug|Any CPU.Build.0 = Debug|Any CPU
		{1E89B18B-C5A3-4BC8-8045-17020EC42563}.Release|Any CPU.ActiveCfg = Release|Any CPU
		{1E89B18B-C5A3-4BC8-8045-17020EC42563}.Release|Any CPU.Build.0 = Release|Any CPU
	EndGlobalSection
	GlobalSection(SolutionProperties) = preSolution
		HideSolutionNode = FALSE
	EndGlobalSection
	GlobalSection(ExtensibilityGlobals) = postSolution
		SolutionGuid = {1730F580-A73F-4EC6-81A7-701FF0B51F0C}
	EndGlobalSection
EndGlobal
